
Microsoft Visual Studio Solution File, Format Version 12.00
# Visual Studio Version 17
VisualStudioVersion = 17.3.32929.385
MinimumVisualStudioVersion = 10.0.40219.1
Project("{F2A71F9B-5D33-465A-A702-920D77279786}") = "GetTitles", "GetTitles\GetTitles.fsproj", "{E1C8C6C2-DAE3-4F87-A8CB-6A6D09162FE9}"
EndProject
Project("{F2A71F9B-5D33-465A-A702-920D77279786}") = "TryLibrary", "TryLibrary\TryLibrary.fsproj", "{309C2CF2-7525-4B3E-929B-87504AA3DA9E}"
EndProject
Global
	GlobalSection(SolutionConfigurationPlatforms) = preSolution
		Debug|Any CPU = Debug|Any CPU
		Release|Any CPU = Release|Any CPU
	EndGlobalSection
	GlobalSection(ProjectConfigurationPlatforms) = postSolution
		{E1C8C6C2-DAE3-4F87-A8CB-6A6D09162FE9}.Debug|Any CPU.ActiveCfg = Debug|Any CPU
		{E1C8C6C2-DAE3-4F87-A8CB-6A6D09162FE9}.Debug|Any CPU.Build.0 = Debug|Any CPU
		{E1C8C6C2-DAE3-4F87-A8CB-6A6D09162FE9}.Release|Any CPU.ActiveCfg = Release|Any CPU
		{E1C8C6C2-DAE3-4F87-A8CB-6A6D09162FE9}.Release|Any CPU.Build.0 = Release|Any CPU
		{309C2CF2-7525-4B3E-929B-87504AA3DA9E}.Debug|Any CPU.ActiveCfg = Debug|Any CPU
		{309C2CF2-7525-4B3E-929B-87504AA3DA9E}.Debug|Any CPU.Build.0 = Debug|Any CPU
		{309C2CF2-7525-4B3E-929B-87504AA3DA9E}.Release|Any CPU.ActiveCfg = Release|Any CPU
		{309C2CF2-7525-4B3E-929B-87504AA3DA9E}.Release|Any CPU.Build.0 = Release|Any CPU
	EndGlobalSection
	GlobalSection(SolutionProperties) = preSolution
		HideSolutionNode = FALSE
	EndGlobalSection
	GlobalSection(ExtensibilityGlobals) = postSolution
		SolutionGuid = {7CEC3A92-B74E-4555-9326-4B288B9E00EA}
	EndGlobalSection
EndGlobal
